
Microsoft Visual Studio Solution File, Format Version 12.00
# Visual Studio Version 16
VisualStudioVersion = 16.0.32228.343
MinimumVisualStudioVersion = 10.0.40219.1
Project("{FAE04EC0-301F-11D3-BF4B-00C04F79EFBC}") = "Static-Extentions", "Static-Extentions.csproj", "{FAB47FF2-D842-472E-8525-CD38B7360B98}"
EndProject
Global
	GlobalSection(SolutionConfigurationPlatforms) = preSolution
		Debug|Any CPU = Debug|Any CPU
		Release|Any CPU = Release|Any CPU
	EndGlobalSection
	GlobalSection(ProjectConfigurationPlatforms) = postSolution
		{FAB47FF2-D842-472E-8525-CD38B7360B98}.Debug|Any CPU.ActiveCfg = Debug|Any CPU
		{FAB47FF2-D842-472E-8525-CD38B7360B98}.Debug|Any CPU.Build.0 = Debug|Any CPU
		{FAB47FF2-D842-472E-8525-CD38B7360B98}.Release|Any CPU.ActiveCfg = Release|Any CPU
		{FAB47FF2-D842-472E-8525-CD38B7360B98}.Release|Any CPU.Build.0 = Release|Any CPU
	EndGlobalSection
	GlobalSection(SolutionProperties) = preSolution
		HideSolutionNode = FALSE
	EndGlobalSection
	GlobalSection(ExtensibilityGlobals) = postSolution
		SolutionGuid = {07BBF5BC-71D6-44A1-B95B-F71AD92719EA}
	EndGlobalSection
EndGlobal
